
Microsoft Visual Studio Solution File, Format Version 12.00
# Visual Studio 15
VisualStudioVersion = 15.0.28307.271
MinimumVisualStudioVersion = 10.0.40219.1
Project("{2150E333-8FDC-42A3-9474-1A3956D46DE8}") = "Solution Items", "Solution Items", "{0481F38F-F74F-40EE-9539-63E14561DD46}"
	ProjectSection(SolutionItems) = preProject
		.editorconfig = .editorconfig
		README.md = README.md
	EndProjectSection
EndProject
Project("{9A19103F-16F7-4668-BE54-9A1E7A4F7556}") = "SshClientConsoleCore", "SshClientConsole\SshClientConsoleCore.csproj", "{1554068F-147E-4E2A-A5E3-1EB93B4AFC19}"
EndProject
Project("{9A19103F-16F7-4668-BE54-9A1E7A4F7556}") = "SshClientLib", "SshClientLib\SshClientLib.csproj", "{F5EA3F83-32BF-4185-9A4E-B29B73680FCA}"
EndProject
Project("{FAE04EC0-301F-11D3-BF4B-00C04F79EFBC}") = "SshClientConsoleNet", "SshClientConsoleNet\SshClientConsoleNet.csproj", "{AA135013-FCBE-444F-9AC7-DE699849B7CB}"
EndProject
Global
	GlobalSection(SolutionConfigurationPlatforms) = preSolution
		Debug|Any CPU = Debug|Any CPU
		Release|Any CPU = Release|Any CPU
	EndGlobalSection
	GlobalSection(ProjectConfigurationPlatforms) = postSolution
		{1554068F-147E-4E2A-A5E3-1EB93B4AFC19}.Debug|Any CPU.ActiveCfg = Debug|Any CPU
		{1554068F-147E-4E2A-A5E3-1EB93B4AFC19}.Debug|Any CPU.Build.0 = Debug|Any CPU
		{1554068F-147E-4E2A-A5E3-1EB93B4AFC19}.Release|Any CPU.ActiveCfg = Release|Any CPU
		{1554068F-147E-4E2A-A5E3-1EB93B4AFC19}.Release|Any CPU.Build.0 = Release|Any CPU
		{F5EA3F83-32BF-4185-9A4E-B29B73680FCA}.Debug|Any CPU.ActiveCfg = Debug|Any CPU
		{F5EA3F83-32BF-4185-9A4E-B29B73680FCA}.Debug|Any CPU.Build.0 = Debug|Any CPU
		{F5EA3F83-32BF-4185-9A4E-B29B73680FCA}.Release|Any CPU.ActiveCfg = Release|Any CPU
		{F5EA3F83-32BF-4185-9A4E-B29B73680FCA}.Release|Any CPU.Build.0 = Release|Any CPU
		{AA135013-FCBE-444F-9AC7-DE699849B7CB}.Debug|Any CPU.ActiveCfg = Debug|Any CPU
		{AA135013-FCBE-444F-9AC7-DE699849B7CB}.Debug|Any CPU.Build.0 = Debug|Any CPU
		{AA135013-FCBE-444F-9AC7-DE699849B7CB}.Release|Any CPU.ActiveCfg = Release|Any CPU
		{AA135013-FCBE-444F-9AC7-DE699849B7CB}.Release|Any CPU.Build.0 = Release|Any CPU
	EndGlobalSection
	GlobalSection(SolutionProperties) = preSolution
		HideSolutionNode = FALSE
	EndGlobalSection
	GlobalSection(ExtensibilityGlobals) = postSolution
		SolutionGuid = {5B3C4B54-3130-4FF7-BB59-8502046686ED}
	EndGlobalSection
EndGlobal
